// !$*UTF8*$!
{
	archiveVersion = 1;
	classes = {
	};
	objectVersion = 55;
	objects = {

/* Begin PBXBuildFile section */
		647CFAF527387E8800A112F6 /* MultiNames.cpp in Sources */ = {isa = PBXBuildFile; fileRef = 647CFAF427387E8800A112F6 /* MultiNames.cpp */; };
		6494167B273542AB0092D36B /* main.cpp in Sources */ = {isa = PBXBuildFile; fileRef = 6494167A273542AB0092D36B /* main.cpp */; };
		64941683273542DD0092D36B /* libz.tbd in Frameworks */ = {isa = PBXBuildFile; fileRef = 64941682273542DD0092D36B /* libz.tbd */; };
		6494168C2735431C0092D36B /* Bitmap.cpp in Sources */ = {isa = PBXBuildFile; fileRef = 649416862735431C0092D36B /* Bitmap.cpp */; };
		6494168D2735431C0092D36B /* Color.cpp in Sources */ = {isa = PBXBuildFile; fileRef = 649416892735431C0092D36B /* Color.cpp */; };
		6494168E2735431C0092D36B /* ScanLine.cpp in Sources */ = {isa = PBXBuildFile; fileRef = 6494168A2735431C0092D36B /* ScanLine.cpp */; };
		6494169D273543320092D36B /* TileInfo.cpp in Sources */ = {isa = PBXBuildFile; fileRef = 64941690273543320092D36B /* TileInfo.cpp */; };
		6494169E273543320092D36B /* TileData.cpp in Sources */ = {isa = PBXBuildFile; fileRef = 64941692273543320092D36B /* TileData.cpp */; };
		6494169F273543320092D36B /* IDXMul.cpp in Sources */ = {isa = PBXBuildFile; fileRef = 64941693273543320092D36B /* IDXMul.cpp */; };
		649416A0273543320092D36B /* UOPData.cpp in Sources */ = {isa = PBXBuildFile; fileRef = 64941695273543320092D36B /* UOPData.cpp */; };
		649416A1273543320092D36B /* MultiData.cpp in Sources */ = {isa = PBXBuildFile; fileRef = 64941696273543320092D36B /* MultiData.cpp */; };
		649416A2273543320092D36B /* MapTerrain.cpp in Sources */ = {isa = PBXBuildFile; fileRef = 64941698273543320092D36B /* MapTerrain.cpp */; };
		649416A3273543320092D36B /* UOAlerts.cpp in Sources */ = {isa = PBXBuildFile; fileRef = 64941699273543320092D36B /* UOAlerts.cpp */; };
		649416A9273543480092D36B /* Buffer.cpp in Sources */ = {isa = PBXBuildFile; fileRef = 649416A6273543480092D36B /* Buffer.cpp */; };
		649416AA273543480092D36B /* StringUtility.cpp in Sources */ = {isa = PBXBuildFile; fileRef = 649416A8273543480092D36B /* StringUtility.cpp */; };
		649416AD273544EF0092D36B /* TexMap.cpp in Sources */ = {isa = PBXBuildFile; fileRef = 649416AB273544EF0092D36B /* TexMap.cpp */; };
		649416B027354EA50092D36B /* ArtData.cpp in Sources */ = {isa = PBXBuildFile; fileRef = 649416AE27354EA50092D36B /* ArtData.cpp */; };
		649416B3273569910092D36B /* GumpData.cpp in Sources */ = {isa = PBXBuildFile; fileRef = 649416B1273569910092D36B /* GumpData.cpp */; };
		649416B62735ACC70092D36B /* AnimationData.cpp in Sources */ = {isa = PBXBuildFile; fileRef = 649416B42735ACC70092D36B /* AnimationData.cpp */; };
		649416BB27369EB50092D36B /* RadarColor.cpp in Sources */ = {isa = PBXBuildFile; fileRef = 649416B927369EB50092D36B /* RadarColor.cpp */; };
		649416BE2736A2900092D36B /* Block.cpp in Sources */ = {isa = PBXBuildFile; fileRef = 649416BC2736A2900092D36B /* Block.cpp */; };
		649416C12736BFC50092D36B /* UOMapBase.cpp in Sources */ = {isa = PBXBuildFile; fileRef = 649416BF2736BFC50092D36B /* UOMapBase.cpp */; };
		649416C42737E82B0092D36B /* MapArt.cpp in Sources */ = {isa = PBXBuildFile; fileRef = 649416C22737E82B0092D36B /* MapArt.cpp */; };
		649416C72738058E0092D36B /* MapTerArt.cpp in Sources */ = {isa = PBXBuildFile; fileRef = 649416C52738058E0092D36B /* MapTerArt.cpp */; };
/* End PBXBuildFile section */

/* Begin PBXCopyFilesBuildPhase section */
		64941675273542AB0092D36B /* CopyFiles */ = {
			isa = PBXCopyFilesBuildPhase;
			buildActionMask = 2147483647;
			dstPath = /usr/share/man/man1/;
			dstSubfolderSpec = 0;
			files = (
			);
			runOnlyForDeploymentPostprocessing = 1;
		};
/* End PBXCopyFilesBuildPhase section */

/* Begin PBXFileReference section */
		647CFAF427387E8800A112F6 /* MultiNames.cpp */ = {isa = PBXFileReference; lastKnownFileType = sourcecode.cpp.cpp; path = MultiNames.cpp; sourceTree = "<group>"; };
		64941677273542AB0092D36B /* extractUO */ = {isa = PBXFileReference; explicitFileType = "compiled.mach-o.executable"; includeInIndex = 0; path = extractUO; sourceTree = BUILT_PRODUCTS_DIR; };
		6494167A273542AB0092D36B /* main.cpp */ = {isa = PBXFileReference; lastKnownFileType = sourcecode.cpp.cpp; path = main.cpp; sourceTree = "<group>"; };
		64941682273542DD0092D36B /* libz.tbd */ = {isa = PBXFileReference; lastKnownFileType = "sourcecode.text-based-dylib-definition"; name = libz.tbd; path = usr/lib/libz.tbd; sourceTree = SDKROOT; };
		649416862735431C0092D36B /* Bitmap.cpp */ = {isa = PBXFileReference; fileEncoding = 4; lastKnownFileType = sourcecode.cpp.cpp; path = Bitmap.cpp; sourceTree = "<group>"; };
		649416872735431C0092D36B /* ScanLine.hpp */ = {isa = PBXFileReference; fileEncoding = 4; lastKnownFileType = sourcecode.cpp.h; path = ScanLine.hpp; sourceTree = "<group>"; };
		649416882735431C0092D36B /* Bitmap.hpp */ = {isa = PBXFileReference; fileEncoding = 4; lastKnownFileType = sourcecode.cpp.h; path = Bitmap.hpp; sourceTree = "<group>"; };
		649416892735431C0092D36B /* Color.cpp */ = {isa = PBXFileReference; fileEncoding = 4; lastKnownFileType = sourcecode.cpp.cpp; path = Color.cpp; sourceTree = "<group>"; };
		6494168A2735431C0092D36B /* ScanLine.cpp */ = {isa = PBXFileReference; fileEncoding = 4; lastKnownFileType = sourcecode.cpp.cpp; path = ScanLine.cpp; sourceTree = "<group>"; };
		6494168B2735431C0092D36B /* Color.hpp */ = {isa = PBXFileReference; fileEncoding = 4; lastKnownFileType = sourcecode.cpp.h; path = Color.hpp; sourceTree = "<group>"; };
		6494168F273543320092D36B /* TileInfo.hpp */ = {isa = PBXFileReference; fileEncoding = 4; lastKnownFileType = sourcecode.cpp.h; path = TileInfo.hpp; sourceTree = "<group>"; };
		64941690273543320092D36B /* TileInfo.cpp */ = {isa = PBXFileReference; fileEncoding = 4; lastKnownFileType = sourcecode.cpp.cpp; path = TileInfo.cpp; sourceTree = "<group>"; };
		64941691273543320092D36B /* UOAlerts.hpp */ = {isa = PBXFileReference; fileEncoding = 4; lastKnownFileType = sourcecode.cpp.h; path = UOAlerts.hpp; sourceTree = "<group>"; };
		64941692273543320092D36B /* TileData.cpp */ = {isa = PBXFileReference; fileEncoding = 4; lastKnownFileType = sourcecode.cpp.cpp; path = TileData.cpp; sourceTree = "<group>"; };
		64941693273543320092D36B /* IDXMul.cpp */ = {isa = PBXFileReference; fileEncoding = 4; lastKnownFileType = sourcecode.cpp.cpp; path = IDXMul.cpp; sourceTree = "<group>"; };
		64941694273543320092D36B /* TileData.hpp */ = {isa = PBXFileReference; fileEncoding = 4; lastKnownFileType = sourcecode.cpp.h; path = TileData.hpp; sourceTree = "<group>"; };
		64941695273543320092D36B /* UOPData.cpp */ = {isa = PBXFileReference; fileEncoding = 4; lastKnownFileType = sourcecode.cpp.cpp; path = UOPData.cpp; sourceTree = "<group>"; };
		64941696273543320092D36B /* MultiData.cpp */ = {isa = PBXFileReference; fileEncoding = 4; lastKnownFileType = sourcecode.cpp.cpp; path = MultiData.cpp; sourceTree = "<group>"; };
		64941697273543320092D36B /* MapTerrain.hpp */ = {isa = PBXFileReference; fileEncoding = 4; lastKnownFileType = sourcecode.cpp.h; path = MapTerrain.hpp; sourceTree = "<group>"; };
		64941698273543320092D36B /* MapTerrain.cpp */ = {isa = PBXFileReference; fileEncoding = 4; lastKnownFileType = sourcecode.cpp.cpp; path = MapTerrain.cpp; sourceTree = "<group>"; };
		64941699273543320092D36B /* UOAlerts.cpp */ = {isa = PBXFileReference; fileEncoding = 4; lastKnownFileType = sourcecode.cpp.cpp; path = UOAlerts.cpp; sourceTree = "<group>"; };
		6494169A273543320092D36B /* IDXMul.hpp */ = {isa = PBXFileReference; fileEncoding = 4; lastKnownFileType = sourcecode.cpp.h; path = IDXMul.hpp; sourceTree = "<group>"; };
		6494169B273543320092D36B /* MultiData.hpp */ = {isa = PBXFileReference; fileEncoding = 4; lastKnownFileType = sourcecode.cpp.h; path = MultiData.hpp; sourceTree = "<group>"; };
		6494169C273543320092D36B /* UOPData.hpp */ = {isa = PBXFileReference; fileEncoding = 4; lastKnownFileType = sourcecode.cpp.h; path = UOPData.hpp; sourceTree = "<group>"; };
		649416A5273543470092D36B /* Buffer.hpp */ = {isa = PBXFileReference; fileEncoding = 4; lastKnownFileType = sourcecode.cpp.h; path = Buffer.hpp; sourceTree = "<group>"; };
		649416A6273543480092D36B /* Buffer.cpp */ = {isa = PBXFileReference; fileEncoding = 4; lastKnownFileType = sourcecode.cpp.cpp; path = Buffer.cpp; sourceTree = "<group>"; };
		649416A7273543480092D36B /* StringUtility.hpp */ = {isa = PBXFileReference; fileEncoding = 4; lastKnownFileType = sourcecode.cpp.h; path = StringUtility.hpp; sourceTree = "<group>"; };
		649416A8273543480092D36B /* StringUtility.cpp */ = {isa = PBXFileReference; fileEncoding = 4; lastKnownFileType = sourcecode.cpp.cpp; path = StringUtility.cpp; sourceTree = "<group>"; };
		649416AB273544EF0092D36B /* TexMap.cpp */ = {isa = PBXFileReference; lastKnownFileType = sourcecode.cpp.cpp; path = TexMap.cpp; sourceTree = "<group>"; };
		649416AC273544EF0092D36B /* TexMap.hpp */ = {isa = PBXFileReference; lastKnownFileType = sourcecode.cpp.h; path = TexMap.hpp; sourceTree = "<group>"; };
		649416AE27354EA50092D36B /* ArtData.cpp */ = {isa = PBXFileReference; lastKnownFileType = sourcecode.cpp.cpp; path = ArtData.cpp; sourceTree = "<group>"; };
		649416AF27354EA50092D36B /* ArtData.hpp */ = {isa = PBXFileReference; lastKnownFileType = sourcecode.cpp.h; path = ArtData.hpp; sourceTree = "<group>"; };
		649416B1273569910092D36B /* GumpData.cpp */ = {isa = PBXFileReference; lastKnownFileType = sourcecode.cpp.cpp; path = GumpData.cpp; sourceTree = "<group>"; };
		649416B2273569910092D36B /* GumpData.hpp */ = {isa = PBXFileReference; lastKnownFileType = sourcecode.cpp.h; path = GumpData.hpp; sourceTree = "<group>"; };
		649416B42735ACC70092D36B /* AnimationData.cpp */ = {isa = PBXFileReference; lastKnownFileType = sourcecode.cpp.cpp; path = AnimationData.cpp; sourceTree = "<group>"; };
		649416B52735ACC70092D36B /* AnimationData.hpp */ = {isa = PBXFileReference; lastKnownFileType = sourcecode.cpp.h; path = AnimationData.hpp; sourceTree = "<group>"; };
		649416B927369EB50092D36B /* RadarColor.cpp */ = {isa = PBXFileReference; lastKnownFileType = sourcecode.cpp.cpp; path = RadarColor.cpp; sourceTree = "<group>"; };
		649416BA27369EB50092D36B /* RadarColor.hpp */ = {isa = PBXFileReference; lastKnownFileType = sourcecode.cpp.h; path = RadarColor.hpp; sourceTree = "<group>"; };
		649416BC2736A2900092D36B /* Block.cpp */ = {isa = PBXFileReference; lastKnownFileType = sourcecode.cpp.cpp; path = Block.cpp; sourceTree = "<group>"; };
		649416BD2736A2900092D36B /* Block.hpp */ = {isa = PBXFileReference; lastKnownFileType = sourcecode.cpp.h; path = Block.hpp; sourceTree = "<group>"; };
		649416BF2736BFC50092D36B /* UOMapBase.cpp */ = {isa = PBXFileReference; lastKnownFileType = sourcecode.cpp.cpp; path = UOMapBase.cpp; sourceTree = "<group>"; };
		649416C02736BFC50092D36B /* UOMapBase.hpp */ = {isa = PBXFileReference; lastKnownFileType = sourcecode.cpp.h; path = UOMapBase.hpp; sourceTree = "<group>"; };
		649416C22737E82B0092D36B /* MapArt.cpp */ = {isa = PBXFileReference; lastKnownFileType = sourcecode.cpp.cpp; path = MapArt.cpp; sourceTree = "<group>"; };
		649416C32737E82B0092D36B /* MapArt.hpp */ = {isa = PBXFileReference; lastKnownFileType = sourcecode.cpp.h; path = MapArt.hpp; sourceTree = "<group>"; };
		649416C52738058E0092D36B /* MapTerArt.cpp */ = {isa = PBXFileReference; lastKnownFileType = sourcecode.cpp.cpp; path = MapTerArt.cpp; sourceTree = "<group>"; };
		649416C62738058E0092D36B /* MapTerArt.hpp */ = {isa = PBXFileReference; lastKnownFileType = sourcecode.cpp.h; path = MapTerArt.hpp; sourceTree = "<group>"; };
/* End PBXFileReference section */

/* Begin PBXFrameworksBuildPhase section */
		64941674273542AB0092D36B /* Frameworks */ = {
			isa = PBXFrameworksBuildPhase;
			buildActionMask = 2147483647;
			files = (
				64941683273542DD0092D36B /* libz.tbd in Frameworks */,
			);
			runOnlyForDeploymentPostprocessing = 0;
		};
/* End PBXFrameworksBuildPhase section */

/* Begin PBXGroup section */
		6494166E273542AB0092D36B = {
			isa = PBXGroup;
			children = (
				649416B7273664EE0092D36B /* ThirdParty */,
				649416A42735433A0092D36B /* Utility */,
				649416852735430A0092D36B /* Image */,
				64941684273542F40092D36B /* UOData */,
				64941679273542AB0092D36B /* extractUO */,
				64941678273542AB0092D36B /* Products */,
				64941681273542DD0092D36B /* Frameworks */,
			);
			sourceTree = "<group>";
		};
		64941678273542AB0092D36B /* Products */ = {
			isa = PBXGroup;
			children = (
				64941677273542AB0092D36B /* extractUO */,
			);
			name = Products;
			sourceTree = "<group>";
		};
		64941679273542AB0092D36B /* extractUO */ = {
			isa = PBXGroup;
			children = (
				6494167A273542AB0092D36B /* main.cpp */,
			);
			path = extractUO;
			sourceTree = "<group>";
		};
		64941681273542DD0092D36B /* Frameworks */ = {
			isa = PBXGroup;
			children = (
				64941682273542DD0092D36B /* libz.tbd */,
			);
			name = Frameworks;
			sourceTree = "<group>";
		};
		64941684273542F40092D36B /* UOData */ = {
			isa = PBXGroup;
			children = (
				64941693273543320092D36B /* IDXMul.cpp */,
				6494169A273543320092D36B /* IDXMul.hpp */,
				64941698273543320092D36B /* MapTerrain.cpp */,
				64941697273543320092D36B /* MapTerrain.hpp */,
				649416C22737E82B0092D36B /* MapArt.cpp */,
				649416C32737E82B0092D36B /* MapArt.hpp */,
				649416C52738058E0092D36B /* MapTerArt.cpp */,
				649416C62738058E0092D36B /* MapTerArt.hpp */,
				649416BF2736BFC50092D36B /* UOMapBase.cpp */,
				649416C02736BFC50092D36B /* UOMapBase.hpp */,
				64941696273543320092D36B /* MultiData.cpp */,
				6494169B273543320092D36B /* MultiData.hpp */,
				647CFAF427387E8800A112F6 /* MultiNames.cpp */,
				64941692273543320092D36B /* TileData.cpp */,
				64941694273543320092D36B /* TileData.hpp */,
				64941690273543320092D36B /* TileInfo.cpp */,
				6494168F273543320092D36B /* TileInfo.hpp */,
				64941699273543320092D36B /* UOAlerts.cpp */,
				64941691273543320092D36B /* UOAlerts.hpp */,
				64941695273543320092D36B /* UOPData.cpp */,
				6494169C273543320092D36B /* UOPData.hpp */,
				649416AB273544EF0092D36B /* TexMap.cpp */,
				649416AC273544EF0092D36B /* TexMap.hpp */,
				649416AE27354EA50092D36B /* ArtData.cpp */,
				649416AF27354EA50092D36B /* ArtData.hpp */,
				649416B1273569910092D36B /* GumpData.cpp */,
				649416B2273569910092D36B /* GumpData.hpp */,
				649416B42735ACC70092D36B /* AnimationData.cpp */,
				649416B52735ACC70092D36B /* AnimationData.hpp */,
				649416B927369EB50092D36B /* RadarColor.cpp */,
				649416BA27369EB50092D36B /* RadarColor.hpp */,
				649416BC2736A2900092D36B /* Block.cpp */,
				649416BD2736A2900092D36B /* Block.hpp */,
			);
			path = UOData;
			sourceTree = "<group>";
		};
		649416852735430A0092D36B /* Image */ = {
			isa = PBXGroup;
			children = (
				649416862735431C0092D36B /* Bitmap.cpp */,
				649416882735431C0092D36B /* Bitmap.hpp */,
				649416892735431C0092D36B /* Color.cpp */,
				6494168B2735431C0092D36B /* Color.hpp */,
				6494168A2735431C0092D36B /* ScanLine.cpp */,
				649416872735431C0092D36B /* ScanLine.hpp */,
			);
			path = Image;
			sourceTree = "<group>";
		};
		649416A42735433A0092D36B /* Utility */ = {
			isa = PBXGroup;
			children = (
				649416A6273543480092D36B /* Buffer.cpp */,
				649416A5273543470092D36B /* Buffer.hpp */,
				649416A8273543480092D36B /* StringUtility.cpp */,
				649416A7273543480092D36B /* StringUtility.hpp */,
			);
			path = Utility;
			sourceTree = "<group>";
		};
		649416B7273664EE0092D36B /* ThirdParty */ = {
			isa = PBXGroup;
			children = (
				649416B8273664FA0092D36B /* zlib */,
			);
			path = ThirdParty;
			sourceTree = "<group>";
		};
		649416B8273664FA0092D36B /* zlib */ = {
			isa = PBXGroup;
			children = (
			);
			path = zlib;
			sourceTree = "<group>";
		};
/* End PBXGroup section */

/* Begin PBXNativeTarget section */
		64941676273542AB0092D36B /* extractUO */ = {
			isa = PBXNativeTarget;
			buildConfigurationList = 6494167E273542AB0092D36B /* Build configuration list for PBXNativeTarget "extractUO" */;
			buildPhases = (
				64941673273542AB0092D36B /* Sources */,
				64941674273542AB0092D36B /* Frameworks */,
				64941675273542AB0092D36B /* CopyFiles */,
			);
			buildRules = (
			);
			dependencies = (
			);
			name = extractUO;
			productName = extractUO;
			productReference = 64941677273542AB0092D36B /* extractUO */;
			productType = "com.apple.product-type.tool";
		};
/* End PBXNativeTarget section */

/* Begin PBXProject section */
		6494166F273542AB0092D36B /* Project object */ = {
			isa = PBXProject;
			attributes = {
				BuildIndependentTargetsInParallel = 1;
				LastUpgradeCheck = 1310;
				TargetAttributes = {
					64941676273542AB0092D36B = {
						CreatedOnToolsVersion = 13.1;
					};
				};
			};
			buildConfigurationList = 64941672273542AB0092D36B /* Build configuration list for PBXProject "extractUO" */;
			compatibilityVersion = "Xcode 13.0";
			developmentRegion = en;
			hasScannedForEncodings = 0;
			knownRegions = (
				en,
				Base,
			);
			mainGroup = 6494166E273542AB0092D36B;
			productRefGroup = 64941678273542AB0092D36B /* Products */;
			projectDirPath = "";
			projectRoot = "";
			targets = (
				64941676273542AB0092D36B /* extractUO */,
			);
		};
/* End PBXProject section */

/* Begin PBXSourcesBuildPhase section */
		64941673273542AB0092D36B /* Sources */ = {
			isa = PBXSourcesBuildPhase;
			buildActionMask = 2147483647;
			files = (
				649416B3273569910092D36B /* GumpData.cpp in Sources */,
				6494169F273543320092D36B /* IDXMul.cpp in Sources */,
				649416BE2736A2900092D36B /* Block.cpp in Sources */,
				649416BB27369EB50092D36B /* RadarColor.cpp in Sources */,
				647CFAF527387E8800A112F6 /* MultiNames.cpp in Sources */,
				649416A9273543480092D36B /* Buffer.cpp in Sources */,
				6494169D273543320092D36B /* TileInfo.cpp in Sources */,
				649416A0273543320092D36B /* UOPData.cpp in Sources */,
				6494169E273543320092D36B /* TileData.cpp in Sources */,
				649416C72738058E0092D36B /* MapTerArt.cpp in Sources */,
				649416A2273543320092D36B /* MapTerrain.cpp in Sources */,
				649416AD273544EF0092D36B /* TexMap.cpp in Sources */,
				6494168C2735431C0092D36B /* Bitmap.cpp in Sources */,
				649416A1273543320092D36B /* MultiData.cpp in Sources */,
				649416A3273543320092D36B /* UOAlerts.cpp in Sources */,
				6494168D2735431C0092D36B /* Color.cpp in Sources */,
				649416B62735ACC70092D36B /* AnimationData.cpp in Sources */,
				649416C12736BFC50092D36B /* UOMapBase.cpp in Sources */,
				6494168E2735431C0092D36B /* ScanLine.cpp in Sources */,
				649416B027354EA50092D36B /* ArtData.cpp in Sources */,
				6494167B273542AB0092D36B /* main.cpp in Sources */,
				649416C42737E82B0092D36B /* MapArt.cpp in Sources */,
				649416AA273543480092D36B /* StringUtility.cpp in Sources */,
			);
			runOnlyForDeploymentPostprocessing = 0;
		};
/* End PBXSourcesBuildPhase section */

/* Begin XCBuildConfiguration section */
		6494167C273542AB0092D36B /* Debug */ = {
			isa = XCBuildConfiguration;
			buildSettings = {
				ALWAYS_SEARCH_USER_PATHS = NO;
				CLANG_ANALYZER_NONNULL = YES;
				CLANG_ANALYZER_NUMBER_OBJECT_CONVERSION = YES_AGGRESSIVE;
				CLANG_CXX_LANGUAGE_STANDARD = "gnu++17";
				CLANG_CXX_LIBRARY = "libc++";
				CLANG_ENABLE_MODULES = YES;
				CLANG_ENABLE_OBJC_ARC = YES;
				CLANG_ENABLE_OBJC_WEAK = YES;
				CLANG_WARN_BLOCK_CAPTURE_AUTORELEASING = YES;
				CLANG_WARN_BOOL_CONVERSION = YES;
				CLANG_WARN_COMMA = YES;
				CLANG_WARN_CONSTANT_CONVERSION = YES;
				CLANG_WARN_DEPRECATED_OBJC_IMPLEMENTATIONS = YES;
				CLANG_WARN_DIRECT_OBJC_ISA_USAGE = YES_ERROR;
				CLANG_WARN_DOCUMENTATION_COMMENTS = YES;
				CLANG_WARN_EMPTY_BODY = YES;
				CLANG_WARN_ENUM_CONVERSION = YES;
				CLANG_WARN_INFINITE_RECURSION = YES;
				CLANG_WARN_INT_CONVERSION = YES;
				CLANG_WARN_NON_LITERAL_NULL_CONVERSION = YES;
				CLANG_WARN_OBJC_IMPLICIT_RETAIN_SELF = YES;
				CLANG_WARN_OBJC_LITERAL_CONVERSION = YES;
				CLANG_WARN_OBJC_ROOT_CLASS = YES_ERROR;
				CLANG_WARN_QUOTED_INCLUDE_IN_FRAMEWORK_HEADER = YES;
				CLANG_WARN_RANGE_LOOP_ANALYSIS = YES;
				CLANG_WARN_STRICT_PROTOTYPES = YES;
				CLANG_WARN_SUSPICIOUS_MOVE = YES;
				CLANG_WARN_UNGUARDED_AVAILABILITY = YES_AGGRESSIVE;
				CLANG_WARN_UNREACHABLE_CODE = YES;
				CLANG_WARN__DUPLICATE_METHOD_MATCH = YES;
				COPY_PHASE_STRIP = NO;
				DEBUG_INFORMATION_FORMAT = dwarf;
				ENABLE_STRICT_OBJC_MSGSEND = YES;
				ENABLE_TESTABILITY = YES;
				GCC_C_LANGUAGE_STANDARD = gnu11;
				GCC_DYNAMIC_NO_PIC = NO;
				GCC_NO_COMMON_BLOCKS = YES;
				GCC_OPTIMIZATION_LEVEL = 0;
				GCC_PREPROCESSOR_DEFINITIONS = (
					"DEBUG=1",
					"$(inherited)",
				);
				GCC_WARN_64_TO_32_BIT_CONVERSION = YES;
				GCC_WARN_ABOUT_RETURN_TYPE = YES_ERROR;
				GCC_WARN_UNDECLARED_SELECTOR = YES;
				GCC_WARN_UNINITIALIZED_AUTOS = YES_AGGRESSIVE;
				GCC_WARN_UNUSED_FUNCTION = YES;
				GCC_WARN_UNUSED_VARIABLE = YES;
				MACOSX_DEPLOYMENT_TARGET = 12.0;
				MTL_ENABLE_DEBUG_INFO = INCLUDE_SOURCE;
				MTL_FAST_MATH = YES;
				ONLY_ACTIVE_ARCH = YES;
				SDKROOT = macosx;
			};
			name = Debug;
		};
		6494167D273542AB0092D36B /* Release */ = {
			isa = XCBuildConfiguration;
			buildSettings = {
				ALWAYS_SEARCH_USER_PATHS = NO;
				CLANG_ANALYZER_NONNULL = YES;
				CLANG_ANALYZER_NUMBER_OBJECT_CONVERSION = YES_AGGRESSIVE;
				CLANG_CXX_LANGUAGE_STANDARD = "gnu++17";
				CLANG_CXX_LIBRARY = "libc++";
				CLANG_ENABLE_MODULES = YES;
				CLANG_ENABLE_OBJC_ARC = YES;
				CLANG_ENABLE_OBJC_WEAK = YES;
				CLANG_WARN_BLOCK_CAPTURE_AUTORELEASING = YES;
				CLANG_WARN_BOOL_CONVERSION = YES;
				CLANG_WARN_COMMA = YES;
				CLANG_WARN_CONSTANT_CONVERSION = YES;
				CLANG_WARN_DEPRECATED_OBJC_IMPLEMENTATIONS = YES;
				CLANG_WARN_DIRECT_OBJC_ISA_USAGE = YES_ERROR;
				CLANG_WARN_DOCUMENTATION_COMMENTS = YES;
				CLANG_WARN_EMPTY_BODY = YES;
				CLANG_WARN_ENUM_CONVERSION = YES;
				CLANG_WARN_INFINITE_RECURSION = YES;
				CLANG_WARN_INT_CONVERSION = YES;
				CLANG_WARN_NON_LITERAL_NULL_CONVERSION = YES;
				CLANG_WARN_OBJC_IMPLICIT_RETAIN_SELF = YES;
				CLANG_WARN_OBJC_LITERAL_CONVERSION = YES;
				CLANG_WARN_OBJC_ROOT_CLASS = YES_ERROR;
				CLANG_WARN_QUOTED_INCLUDE_IN_FRAMEWORK_HEADER = YES;
				CLANG_WARN_RANGE_LOOP_ANALYSIS = YES;
				CLANG_WARN_STRICT_PROTOTYPES = YES;
				CLANG_WARN_SUSPICIOUS_MOVE = YES;
				CLANG_WARN_UNGUARDED_AVAILABILITY = YES_AGGRESSIVE;
				CLANG_WARN_UNREACHABLE_CODE = YES;
				CLANG_WARN__DUPLICATE_METHOD_MATCH = YES;
				COPY_PHASE_STRIP = NO;
				DEBUG_INFORMATION_FORMAT = "dwarf-with-dsym";
				ENABLE_NS_ASSERTIONS = NO;
				ENABLE_STRICT_OBJC_MSGSEND = YES;
				GCC_C_LANGUAGE_STANDARD = gnu11;
				GCC_NO_COMMON_BLOCKS = YES;
				GCC_WARN_64_TO_32_BIT_CONVERSION = YES;
				GCC_WARN_ABOUT_RETURN_TYPE = YES_ERROR;
				GCC_WARN_UNDECLARED_SELECTOR = YES;
				GCC_WARN_UNINITIALIZED_AUTOS = YES_AGGRESSIVE;
				GCC_WARN_UNUSED_FUNCTION = YES;
				GCC_WARN_UNUSED_VARIABLE = YES;
				MACOSX_DEPLOYMENT_TARGET = 12.0;
				MTL_ENABLE_DEBUG_INFO = NO;
				MTL_FAST_MATH = YES;
				SDKROOT = macosx;
			};
			name = Release;
		};
		6494167F273542AB0092D36B /* Debug */ = {
			isa = XCBuildConfiguration;
			buildSettings = {
				CODE_SIGN_STYLE = Automatic;
				DEVELOPMENT_TEAM = CF264WE69M;
				ENABLE_HARDENED_RUNTIME = YES;
				PRODUCT_NAME = "$(TARGET_NAME)";
			};
			name = Debug;
		};
		64941680273542AB0092D36B /* Release */ = {
			isa = XCBuildConfiguration;
			buildSettings = {
				CODE_SIGN_STYLE = Automatic;
				DEVELOPMENT_TEAM = CF264WE69M;
				ENABLE_HARDENED_RUNTIME = YES;
				PRODUCT_NAME = "$(TARGET_NAME)";
			};
			name = Release;
		};
/* End XCBuildConfiguration section */

/* Begin XCConfigurationList section */
		64941672273542AB0092D36B /* Build configuration list for PBXProject "extractUO" */ = {
			isa = XCConfigurationList;
			buildConfigurations = (
				6494167C273542AB0092D36B /* Debug */,
				6494167D273542AB0092D36B /* Release */,
			);
			defaultConfigurationIsVisible = 0;
			defaultConfigurationName = Release;
		};
		6494167E273542AB0092D36B /* Build configuration list for PBXNativeTarget "extractUO" */ = {
			isa = XCConfigurationList;
			buildConfigurations = (
				6494167F273542AB0092D36B /* Debug */,
				64941680273542AB0092D36B /* Release */,
			);
			defaultConfigurationIsVisible = 0;
			defaultConfigurationName = Release;
		};
/* End XCConfigurationList section */
	};
	rootObject = 6494166F273542AB0092D36B /* Project object */;
}
